{
  "version": 4,
  "terraform_version": "1.10.2",
  "serial": 232,
  "lineage": "fdb4ab8d-ba52-0176-02f0-ddf32b071022",
  "outputs": {},
  "resources": [
    {
      "mode": "managed",
      "type": "google_cloud_scheduler_job",
      "name": "job",
      "provider": "provider[\"registry.terraform.io/hashicorp/google\"]",
      "instances": [
        {
          "index_key": "daily-task-13-30",
          "schema_version": 0,
          "attributes": {
            "app_engine_http_target": [],
            "attempt_deadline": "180s",
            "description": "Tarea diaria para 13:30",
            "http_target": [
              {
                "body": "eyJwYXNzd29yZCI6IjU4NjIiLCJydXQiOiIxODk3OTU2OTYifQ==",
                "headers": {
                  "Content-Type": "application/json"
                },
                "http_method": "POST",
                "oauth_token": [],
                "oidc_token": [
                  {
                    "audience": "https://movil-app-backendo-dev-ey2qb5zbbq-tl.a.run.app/v2/execute",
                    "service_account_email": "chrisloarryn@gcp-course-2024.iam.gserviceaccount.com"
                  }
                ],
                "uri": "https://movil-app-backendo-dev-ey2qb5zbbq-tl.a.run.app/v2/execute"
              }
            ],
            "id": "projects/gcp-course-2024/locations/us-central1/jobs/daily-task-13-30",
            "name": "daily-task-13-30",
            "paused": false,
            "project": "gcp-course-2024",
            "pubsub_target": [],
            "region": "us-central1",
            "retry_config": [
              {
                "max_backoff_duration": "240s",
                "max_doublings": 2,
                "max_retry_duration": "900s",
                "min_backoff_duration": "60s",
                "retry_count": 4
              }
            ],
            "schedule": "43 13 * * 1-5",
            "state": "ENABLED",
            "time_zone": "America/Santiago",
            "timeouts": null
          },
          "sensitive_attributes": [],
          "private": "eyJlMmJmYjczMC1lY2FhLTExZTYtOGY4OC0zNDM2M2JjN2M0YzAiOnsiY3JlYXRlIjoxMjAwMDAwMDAwMDAwLCJkZWxldGUiOjEyMDAwMDAwMDAwMDAsInVwZGF0ZSI6MTIwMDAwMDAwMDAwMH19"
        },
        {
          "index_key": "daily-task-13-30-frapac",
          "schema_version": 0,
          "attributes": {
            "app_engine_http_target": [],
            "attempt_deadline": "180s",
            "description": "Tarea diaria para 13:30",
            "http_target": [
              {
                "body": "eyJwYXNzd29yZCI6IjI0MzUiLCJydXQiOiIxMzg0MDYyNTMifQ==",
                "headers": {
                  "Content-Type": "application/json"
                },
                "http_method": "POST",
                "oauth_token": [],
                "oidc_token": [
                  {
                    "audience": "https://movil-app-backendo-dev-ey2qb5zbbq-tl.a.run.app/v2/execute",
                    "service_account_email": "chrisloarryn@gcp-course-2024.iam.gserviceaccount.com"
                  }
                ],
                "uri": "https://movil-app-backendo-dev-ey2qb5zbbq-tl.a.run.app/v2/execute"
              }
            ],
            "id": "projects/gcp-course-2024/locations/us-central1/jobs/daily-task-13-30-frapac",
            "name": "daily-task-13-30-frapac",
            "paused": false,
            "project": "gcp-course-2024",
            "pubsub_target": [],
            "region": "us-central1",
            "retry_config": [
              {
                "max_backoff_duration": "240s",
                "max_doublings": 2,
                "max_retry_duration": "900s",
                "min_backoff_duration": "60s",
                "retry_count": 4
              }
            ],
            "schedule": "44 13 * * 1-5",
            "state": "ENABLED",
            "time_zone": "America/Santiago",
            "timeouts": null
          },
          "sensitive_attributes": [],
          "private": "eyJlMmJmYjczMC1lY2FhLTExZTYtOGY4OC0zNDM2M2JjN2M0YzAiOnsiY3JlYXRlIjoxMjAwMDAwMDAwMDAwLCJkZWxldGUiOjEyMDAwMDAwMDAwMDAsInVwZGF0ZSI6MTIwMDAwMDAwMDAwMH19"
        },
        {
          "index_key": "daily-task-13-30-jomo",
          "schema_version": 0,
          "attributes": {
            "app_engine_http_target": [],
            "attempt_deadline": "180s",
            "description": "Tarea diaria para 13:30",
            "http_target": [
              {
                "body": "eyJwYXNzd29yZCI6IjU1ODYiLCJydXQiOiIxMzcyNTY3NjIifQ==",
                "headers": {
                  "Content-Type": "application/json"
                },
                "http_method": "POST",
                "oauth_token": [],
                "oidc_token": [
                  {
                    "audience": "https://movil-app-backendo-dev-ey2qb5zbbq-tl.a.run.app/v2/execute",
                    "service_account_email": "chrisloarryn@gcp-course-2024.iam.gserviceaccount.com"
                  }
                ],
                "uri": "https://movil-app-backendo-dev-ey2qb5zbbq-tl.a.run.app/v2/execute"
              }
            ],
            "id": "projects/gcp-course-2024/locations/us-central1/jobs/daily-task-13-30-jomo",
            "name": "daily-task-13-30-jomo",
            "paused": false,
            "project": "gcp-course-2024",
            "pubsub_target": [],
            "region": "us-central1",
            "retry_config": [
              {
                "max_backoff_duration": "240s",
                "max_doublings": 2,
                "max_retry_duration": "900s",
                "min_backoff_duration": "60s",
                "retry_count": 4
              }
            ],
            "schedule": "38 13 * * 1-5",
            "state": "ENABLED",
            "time_zone": "America/Santiago",
            "timeouts": null
          },
          "sensitive_attributes": [],
          "private": "eyJlMmJmYjczMC1lY2FhLTExZTYtOGY4OC0zNDM2M2JjN2M0YzAiOnsiY3JlYXRlIjoxMjAwMDAwMDAwMDAwLCJkZWxldGUiOjEyMDAwMDAwMDAwMDAsInVwZGF0ZSI6MTIwMDAwMDAwMDAwMH19"
        },
        {
          "index_key": "daily-task-14-15",
          "schema_version": 0,
          "attributes": {
            "app_engine_http_target": [],
            "attempt_deadline": "180s",
            "description": "Tarea diaria para 14:15",
            "http_target": [
              {
                "body": "eyJwYXNzd29yZCI6IjU4NjIiLCJydXQiOiIxODk3OTU2OTYifQ==",
                "headers": {
                  "Content-Type": "application/json"
                },
                "http_method": "POST",
                "oauth_token": [],
                "oidc_token": [
                  {
                    "audience": "https://movil-app-backendo-dev-ey2qb5zbbq-tl.a.run.app/v2/execute",
                    "service_account_email": "chrisloarryn@gcp-course-2024.iam.gserviceaccount.com"
                  }
                ],
                "uri": "https://movil-app-backendo-dev-ey2qb5zbbq-tl.a.run.app/v2/execute"
              }
            ],
            "id": "projects/gcp-course-2024/locations/us-central1/jobs/daily-task-14-15",
            "name": "daily-task-14-15",
            "paused": false,
            "project": "gcp-course-2024",
            "pubsub_target": [],
            "region": "us-central1",
            "retry_config": [
              {
                "max_backoff_duration": "240s",
                "max_doublings": 2,
                "max_retry_duration": "900s",
                "min_backoff_duration": "60s",
                "retry_count": 4
              }
            ],
            "schedule": "28 14 * * 1-5",
            "state": "ENABLED",
            "time_zone": "America/Santiago",
            "timeouts": null
          },
          "sensitive_attributes": [],
          "private": "eyJlMmJmYjczMC1lY2FhLTExZTYtOGY4OC0zNDM2M2JjN2M0YzAiOnsiY3JlYXRlIjoxMjAwMDAwMDAwMDAwLCJkZWxldGUiOjEyMDAwMDAwMDAwMDAsInVwZGF0ZSI6MTIwMDAwMDAwMDAwMH19"
        },
        {
          "index_key": "daily-task-14-15-frapac",
          "schema_version": 0,
          "attributes": {
            "app_engine_http_target": [],
            "attempt_deadline": "180s",
            "description": "Tarea diaria para 14:15",
            "http_target": [
              {
                "body": "eyJwYXNzd29yZCI6IjI0MzUiLCJydXQiOiIxMzg0MDYyNTMifQ==",
                "headers": {
                  "Content-Type": "application/json"
                },
                "http_method": "POST",
                "oauth_token": [],
                "oidc_token": [
                  {
                    "audience": "https://movil-app-backendo-dev-ey2qb5zbbq-tl.a.run.app/v2/execute",
                    "service_account_email": "chrisloarryn@gcp-course-2024.iam.gserviceaccount.com"
                  }
                ],
                "uri": "https://movil-app-backendo-dev-ey2qb5zbbq-tl.a.run.app/v2/execute"
              }
            ],
            "id": "projects/gcp-course-2024/locations/us-central1/jobs/daily-task-14-15-frapac",
            "name": "daily-task-14-15-frapac",
            "paused": false,
            "project": "gcp-course-2024",
            "pubsub_target": [],
            "region": "us-central1",
            "retry_config": [
              {
                "max_backoff_duration": "240s",
                "max_doublings": 2,
                "max_retry_duration": "900s",
                "min_backoff_duration": "60s",
                "retry_count": 4
              }
            ],
            "schedule": "29 14 * * 1-5",
            "state": "ENABLED",
            "time_zone": "America/Santiago",
            "timeouts": null
          },
          "sensitive_attributes": [],
          "private": "eyJlMmJmYjczMC1lY2FhLTExZTYtOGY4OC0zNDM2M2JjN2M0YzAiOnsiY3JlYXRlIjoxMjAwMDAwMDAwMDAwLCJkZWxldGUiOjEyMDAwMDAwMDAwMDAsInVwZGF0ZSI6MTIwMDAwMDAwMDAwMH19"
        },
        {
          "index_key": "daily-task-14-15-jomo",
          "schema_version": 0,
          "attributes": {
            "app_engine_http_target": [],
            "attempt_deadline": "180s",
            "description": "Tarea diaria para 14:15",
            "http_target": [
              {
                "body": "eyJwYXNzd29yZCI6IjU1ODYiLCJydXQiOiIxMzcyNTY3NjIifQ==",
                "headers": {
                  "Content-Type": "application/json"
                },
                "http_method": "POST",
                "oauth_token": [],
                "oidc_token": [
                  {
                    "audience": "https://movil-app-backendo-dev-ey2qb5zbbq-tl.a.run.app/v2/execute",
                    "service_account_email": "chrisloarryn@gcp-course-2024.iam.gserviceaccount.com"
                  }
                ],
                "uri": "https://movil-app-backendo-dev-ey2qb5zbbq-tl.a.run.app/v2/execute"
              }
            ],
            "id": "projects/gcp-course-2024/locations/us-central1/jobs/daily-task-14-15-jomo",
            "name": "daily-task-14-15-jomo",
            "paused": false,
            "project": "gcp-course-2024",
            "pubsub_target": [],
            "region": "us-central1",
            "retry_config": [
              {
                "max_backoff_duration": "240s",
                "max_doublings": 2,
                "max_retry_duration": "900s",
                "min_backoff_duration": "60s",
                "retry_count": 4
              }
            ],
            "schedule": "23 14 * * 1-5",
            "state": "ENABLED",
            "time_zone": "America/Santiago",
            "timeouts": null
          },
          "sensitive_attributes": [],
          "private": "eyJlMmJmYjczMC1lY2FhLTExZTYtOGY4OC0zNDM2M2JjN2M0YzAiOnsiY3JlYXRlIjoxMjAwMDAwMDAwMDAwLCJkZWxldGUiOjEyMDAwMDAwMDAwMDAsInVwZGF0ZSI6MTIwMDAwMDAwMDAwMH19"
        },
        {
          "index_key": "daily-task-afternoon-mon-thu",
          "schema_version": 0,
          "attributes": {
            "app_engine_http_target": [],
            "attempt_deadline": "180s",
            "description": "Tarea diaria para 19:04 de lunes a jueves",
            "http_target": [
              {
                "body": "eyJwYXNzd29yZCI6IjU4NjIiLCJydXQiOiIxODk3OTU2OTYifQ==",
                "headers": {
                  "Content-Type": "application/json"
                },
                "http_method": "POST",
                "oauth_token": [],
                "oidc_token": [
                  {
                    "audience": "https://movil-app-backendo-dev-ey2qb5zbbq-tl.a.run.app/v2/execute",
                    "service_account_email": "chrisloarryn@gcp-course-2024.iam.gserviceaccount.com"
                  }
                ],
                "uri": "https://movil-app-backendo-dev-ey2qb5zbbq-tl.a.run.app/v2/execute"
              }
            ],
            "id": "projects/gcp-course-2024/locations/us-central1/jobs/daily-task-afternoon-mon-thu",
            "name": "daily-task-afternoon-mon-thu",
            "paused": false,
            "project": "gcp-course-2024",
            "pubsub_target": [],
            "region": "us-central1",
            "retry_config": [
              {
                "max_backoff_duration": "240s",
                "max_doublings": 2,
                "max_retry_duration": "900s",
                "min_backoff_duration": "60s",
                "retry_count": 4
              }
            ],
            "schedule": "04 19 * * 1-4",
            "state": "ENABLED",
            "time_zone": "America/Santiago",
            "timeouts": null
          },
          "sensitive_attributes": [],
          "private": "eyJlMmJmYjczMC1lY2FhLTExZTYtOGY4OC0zNDM2M2JjN2M0YzAiOnsiY3JlYXRlIjoxMjAwMDAwMDAwMDAwLCJkZWxldGUiOjEyMDAwMDAwMDAwMDAsInVwZGF0ZSI6MTIwMDAwMDAwMDAwMH19"
        },
        {
          "index_key": "daily-task-afternoon-mon-thu-frapac",
          "schema_version": 0,
          "attributes": {
            "app_engine_http_target": [],
            "attempt_deadline": "180s",
            "description": "Tarea diaria para 19:04 de lunes a jueves",
            "http_target": [
              {
                "body": "eyJwYXNzd29yZCI6IjI0MzUiLCJydXQiOiIxMzg0MDYyNTMifQ==",
                "headers": {
                  "Content-Type": "application/json"
                },
                "http_method": "POST",
                "oauth_token": [],
                "oidc_token": [
                  {
                    "audience": "https://movil-app-backendo-dev-ey2qb5zbbq-tl.a.run.app/v2/execute",
                    "service_account_email": "chrisloarryn@gcp-course-2024.iam.gserviceaccount.com"
                  }
                ],
                "uri": "https://movil-app-backendo-dev-ey2qb5zbbq-tl.a.run.app/v2/execute"
              }
            ],
            "id": "projects/gcp-course-2024/locations/us-central1/jobs/daily-task-afternoon-mon-thu-frapac",
            "name": "daily-task-afternoon-mon-thu-frapac",
            "paused": false,
            "project": "gcp-course-2024",
            "pubsub_target": [],
            "region": "us-central1",
            "retry_config": [
              {
                "max_backoff_duration": "240s",
                "max_doublings": 2,
                "max_retry_duration": "900s",
                "min_backoff_duration": "60s",
                "retry_count": 4
              }
            ],
            "schedule": "10 19 * * 1-4",
            "state": "ENABLED",
            "time_zone": "America/Santiago",
            "timeouts": null
          },
          "sensitive_attributes": [],
          "private": "eyJlMmJmYjczMC1lY2FhLTExZTYtOGY4OC0zNDM2M2JjN2M0YzAiOnsiY3JlYXRlIjoxMjAwMDAwMDAwMDAwLCJkZWxldGUiOjEyMDAwMDAwMDAwMDAsInVwZGF0ZSI6MTIwMDAwMDAwMDAwMH19"
        },
        {
          "index_key": "daily-task-afternoon-mon-thu-jomo",
          "schema_version": 0,
          "attributes": {
            "app_engine_http_target": [],
            "attempt_deadline": "180s",
            "description": "Tarea diaria para 19:04 de lunes a jueves",
            "http_target": [
              {
                "body": "eyJwYXNzd29yZCI6IjU1ODYiLCJydXQiOiIxMzcyNTY3NjIifQ==",
                "headers": {
                  "Content-Type": "application/json"
                },
                "http_method": "POST",
                "oauth_token": [],
                "oidc_token": [
                  {
                    "audience": "https://movil-app-backendo-dev-ey2qb5zbbq-tl.a.run.app/v2/execute",
                    "service_account_email": "chrisloarryn@gcp-course-2024.iam.gserviceaccount.com"
                  }
                ],
                "uri": "https://movil-app-backendo-dev-ey2qb5zbbq-tl.a.run.app/v2/execute"
              }
            ],
            "id": "projects/gcp-course-2024/locations/us-central1/jobs/daily-task-afternoon-mon-thu-jomo",
            "name": "daily-task-afternoon-mon-thu-jomo",
            "paused": false,
            "project": "gcp-course-2024",
            "pubsub_target": [],
            "region": "us-central1",
            "retry_config": [
              {
                "max_backoff_duration": "240s",
                "max_doublings": 2,
                "max_retry_duration": "900s",
                "min_backoff_duration": "60s",
                "retry_count": 4
              }
            ],
            "schedule": "07 19 * * 1-4",
            "state": "ENABLED",
            "time_zone": "America/Santiago",
            "timeouts": null
          },
          "sensitive_attributes": [],
          "private": "eyJlMmJmYjczMC1lY2FhLTExZTYtOGY4OC0zNDM2M2JjN2M0YzAiOnsiY3JlYXRlIjoxMjAwMDAwMDAwMDAwLCJkZWxldGUiOjEyMDAwMDAwMDAwMDAsInVwZGF0ZSI6MTIwMDAwMDAwMDAwMH19"
        },
        {
          "index_key": "daily-task-friday",
          "schema_version": 0,
          "attributes": {
            "app_engine_http_target": [],
            "attempt_deadline": "180s",
            "description": "Tarea diaria para 16:47 el viernes",
            "http_target": [
              {
                "body": "eyJwYXNzd29yZCI6IjU4NjIiLCJydXQiOiIxODk3OTU2OTYifQ==",
                "headers": {
                  "Content-Type": "application/json"
                },
                "http_method": "POST",
                "oauth_token": [],
                "oidc_token": [
                  {
                    "audience": "https://movil-app-backendo-dev-ey2qb5zbbq-tl.a.run.app/v2/execute",
                    "service_account_email": "chrisloarryn@gcp-course-2024.iam.gserviceaccount.com"
                  }
                ],
                "uri": "https://movil-app-backendo-dev-ey2qb5zbbq-tl.a.run.app/v2/execute"
              }
            ],
            "id": "projects/gcp-course-2024/locations/us-central1/jobs/daily-task-friday",
            "name": "daily-task-friday",
            "paused": false,
            "project": "gcp-course-2024",
            "pubsub_target": [],
            "region": "us-central1",
            "retry_config": [
              {
                "max_backoff_duration": "240s",
                "max_doublings": 2,
                "max_retry_duration": "900s",
                "min_backoff_duration": "60s",
                "retry_count": 4
              }
            ],
            "schedule": "46 16 * * 5",
            "state": "ENABLED",
            "time_zone": "America/Santiago",
            "timeouts": null
          },
          "sensitive_attributes": [],
          "private": "eyJlMmJmYjczMC1lY2FhLTExZTYtOGY4OC0zNDM2M2JjN2M0YzAiOnsiY3JlYXRlIjoxMjAwMDAwMDAwMDAwLCJkZWxldGUiOjEyMDAwMDAwMDAwMDAsInVwZGF0ZSI6MTIwMDAwMDAwMDAwMH19"
        },
        {
          "index_key": "daily-task-friday-frapac",
          "schema_version": 0,
          "attributes": {
            "app_engine_http_target": [],
            "attempt_deadline": "180s",
            "description": "Tarea diaria para 16:47 el viernes",
            "http_target": [
              {
                "body": "eyJwYXNzd29yZCI6IjI0MzUiLCJydXQiOiIxMzg0MDYyNTMifQ==",
                "headers": {
                  "Content-Type": "application/json"
                },
                "http_method": "POST",
                "oauth_token": [],
                "oidc_token": [
                  {
                    "audience": "https://movil-app-backendo-dev-ey2qb5zbbq-tl.a.run.app/v2/execute",
                    "service_account_email": "chrisloarryn@gcp-course-2024.iam.gserviceaccount.com"
                  }
                ],
                "uri": "https://movil-app-backendo-dev-ey2qb5zbbq-tl.a.run.app/v2/execute"
              }
            ],
            "id": "projects/gcp-course-2024/locations/us-central1/jobs/daily-task-friday-frapac",
            "name": "daily-task-friday-frapac",
            "paused": false,
            "project": "gcp-course-2024",
            "pubsub_target": [],
            "region": "us-central1",
            "retry_config": [
              {
                "max_backoff_duration": "240s",
                "max_doublings": 2,
                "max_retry_duration": "900s",
                "min_backoff_duration": "60s",
                "retry_count": 4
              }
            ],
            "schedule": "48 16 * * 5",
            "state": "ENABLED",
            "time_zone": "America/Santiago",
            "timeouts": null
          },
          "sensitive_attributes": [],
          "private": "eyJlMmJmYjczMC1lY2FhLTExZTYtOGY4OC0zNDM2M2JjN2M0YzAiOnsiY3JlYXRlIjoxMjAwMDAwMDAwMDAwLCJkZWxldGUiOjEyMDAwMDAwMDAwMDAsInVwZGF0ZSI6MTIwMDAwMDAwMDAwMH19"
        },
        {
          "index_key": "daily-task-friday-jomo",
          "schema_version": 0,
          "attributes": {
            "app_engine_http_target": [],
            "attempt_deadline": "180s",
            "description": "Tarea diaria para 16:47 el viernes",
            "http_target": [
              {
                "body": "eyJwYXNzd29yZCI6IjU1ODYiLCJydXQiOiIxMzcyNTY3NjIifQ==",
                "headers": {
                  "Content-Type": "application/json"
                },
                "http_method": "POST",
                "oauth_token": [],
                "oidc_token": [
                  {
                    "audience": "https://movil-app-backendo-dev-ey2qb5zbbq-tl.a.run.app/v2/execute",
                    "service_account_email": "chrisloarryn@gcp-course-2024.iam.gserviceaccount.com"
                  }
                ],
                "uri": "https://movil-app-backendo-dev-ey2qb5zbbq-tl.a.run.app/v2/execute"
              }
            ],
            "id": "projects/gcp-course-2024/locations/us-central1/jobs/daily-task-friday-jomo",
            "name": "daily-task-friday-jomo",
            "paused": false,
            "project": "gcp-course-2024",
            "pubsub_target": [],
            "region": "us-central1",
            "retry_config": [
              {
                "max_backoff_duration": "240s",
                "max_doublings": 2,
                "max_retry_duration": "900s",
                "min_backoff_duration": "60s",
                "retry_count": 4
              }
            ],
            "schedule": "52 16 * * 5",
            "state": "ENABLED",
            "time_zone": "America/Santiago",
            "timeouts": null
          },
          "sensitive_attributes": [],
          "private": "eyJlMmJmYjczMC1lY2FhLTExZTYtOGY4OC0zNDM2M2JjN2M0YzAiOnsiY3JlYXRlIjoxMjAwMDAwMDAwMDAwLCJkZWxldGUiOjEyMDAwMDAwMDAwMDAsInVwZGF0ZSI6MTIwMDAwMDAwMDAwMH19"
        },
        {
          "index_key": "daily-task-morning",
          "schema_version": 0,
          "attributes": {
            "app_engine_http_target": [],
            "attempt_deadline": "180s",
            "description": "Tarea diaria para 8:55 AM de lunes a viernes",
            "http_target": [
              {
                "body": "eyJwYXNzd29yZCI6IjU4NjIiLCJydXQiOiIxODk3OTU2OTYifQ==",
                "headers": {
                  "Content-Type": "application/json"
                },
                "http_method": "POST",
                "oauth_token": [],
                "oidc_token": [
                  {
                    "audience": "https://movil-app-backendo-dev-ey2qb5zbbq-tl.a.run.app/v2/execute",
                    "service_account_email": "chrisloarryn@gcp-course-2024.iam.gserviceaccount.com"
                  }
                ],
                "uri": "https://movil-app-backendo-dev-ey2qb5zbbq-tl.a.run.app/v2/execute"
              }
            ],
            "id": "projects/gcp-course-2024/locations/us-central1/jobs/daily-task-morning",
            "name": "daily-task-morning",
            "paused": false,
            "project": "gcp-course-2024",
            "pubsub_target": [],
            "region": "us-central1",
            "retry_config": [
              {
                "max_backoff_duration": "240s",
                "max_doublings": 2,
                "max_retry_duration": "900s",
                "min_backoff_duration": "60s",
                "retry_count": 4
              }
            ],
            "schedule": "59 08 * * 1-5",
            "state": "ENABLED",
            "time_zone": "America/Santiago",
            "timeouts": null
          },
          "sensitive_attributes": [],
          "private": "eyJlMmJmYjczMC1lY2FhLTExZTYtOGY4OC0zNDM2M2JjN2M0YzAiOnsiY3JlYXRlIjoxMjAwMDAwMDAwMDAwLCJkZWxldGUiOjEyMDAwMDAwMDAwMDAsInVwZGF0ZSI6MTIwMDAwMDAwMDAwMH19"
        },
        {
          "index_key": "daily-task-morning-frapac",
          "schema_version": 0,
          "attributes": {
            "app_engine_http_target": [],
            "attempt_deadline": "180s",
            "description": "Tarea diaria para 8:55 AM de lunes a viernes",
            "http_target": [
              {
                "body": "eyJwYXNzd29yZCI6IjI0MzUiLCJydXQiOiIxMzg0MDYyNTMifQ==",
                "headers": {
                  "Content-Type": "application/json"
                },
                "http_method": "POST",
                "oauth_token": [],
                "oidc_token": [
                  {
                    "audience": "https://movil-app-backendo-dev-ey2qb5zbbq-tl.a.run.app/v2/execute",
                    "service_account_email": "chrisloarryn@gcp-course-2024.iam.gserviceaccount.com"
                  }
                ],
                "uri": "https://movil-app-backendo-dev-ey2qb5zbbq-tl.a.run.app/v2/execute"
              }
            ],
            "id": "projects/gcp-course-2024/locations/us-central1/jobs/daily-task-morning-frapac",
            "name": "daily-task-morning-frapac",
            "paused": false,
            "project": "gcp-course-2024",
            "pubsub_target": [],
            "region": "us-central1",
            "retry_config": [
              {
                "max_backoff_duration": "240s",
                "max_doublings": 2,
                "max_retry_duration": "900s",
                "min_backoff_duration": "60s",
                "retry_count": 4
              }
            ],
            "schedule": "48 08 * * 1-5",
            "state": "ENABLED",
            "time_zone": "America/Santiago",
            "timeouts": null
          },
          "sensitive_attributes": [],
          "private": "eyJlMmJmYjczMC1lY2FhLTExZTYtOGY4OC0zNDM2M2JjN2M0YzAiOnsiY3JlYXRlIjoxMjAwMDAwMDAwMDAwLCJkZWxldGUiOjEyMDAwMDAwMDAwMDAsInVwZGF0ZSI6MTIwMDAwMDAwMDAwMH19"
        },
        {
          "index_key": "daily-task-morning-jomo",
          "schema_version": 0,
          "attributes": {
            "app_engine_http_target": [],
            "attempt_deadline": "180s",
            "description": "Tarea diaria para 8:55 AM de lunes a viernes",
            "http_target": [
              {
                "body": "eyJwYXNzd29yZCI6IjU1ODYiLCJydXQiOiIxMzcyNTY3NjIifQ==",
                "headers": {
                  "Content-Type": "application/json"
                },
                "http_method": "POST",
                "oauth_token": [],
                "oidc_token": [
                  {
                    "audience": "https://movil-app-backendo-dev-ey2qb5zbbq-tl.a.run.app/v2/execute",
                    "service_account_email": "chrisloarryn@gcp-course-2024.iam.gserviceaccount.com"
                  }
                ],
                "uri": "https://movil-app-backendo-dev-ey2qb5zbbq-tl.a.run.app/v2/execute"
              }
            ],
            "id": "projects/gcp-course-2024/locations/us-central1/jobs/daily-task-morning-jomo",
            "name": "daily-task-morning-jomo",
            "paused": false,
            "project": "gcp-course-2024",
            "pubsub_target": [],
            "region": "us-central1",
            "retry_config": [
              {
                "max_backoff_duration": "240s",
                "max_doublings": 2,
                "max_retry_duration": "900s",
                "min_backoff_duration": "60s",
                "retry_count": 4
              }
            ],
            "schedule": "50 08 * * 1-5",
            "state": "ENABLED",
            "time_zone": "America/Santiago",
            "timeouts": null
          },
          "sensitive_attributes": [],
          "private": "eyJlMmJmYjczMC1lY2FhLTExZTYtOGY4OC0zNDM2M2JjN2M0YzAiOnsiY3JlYXRlIjoxMjAwMDAwMDAwMDAwLCJkZWxldGUiOjEyMDAwMDAwMDAwMDAsInVwZGF0ZSI6MTIwMDAwMDAwMDAwMH19"
        }
      ]
    },
    {
      "mode": "managed",
      "type": "google_cloud_scheduler_job",
      "name": "marker_variation",
      "provider": "provider[\"registry.terraform.io/hashicorp/google\"]",
      "instances": [
        {
          "schema_version": 0,
          "attributes": {
            "app_engine_http_target": [],
            "attempt_deadline": "180s",
            "description": "Tarea diaria para 8:25 AM y 13:25 PM de lunes a viernes",
            "http_target": [
              {
                "body": "eyJwcm9qZWN0X2lkIjoiZ2NwLWNvdXJzZS0yMDI0IiwicmVnaW9uIjoidXMtY2VudHJhbDEifQ==",
                "headers": {
                  "Content-Type": "application/json"
                },
                "http_method": "POST",
                "oauth_token": [],
                "oidc_token": [
                  {
                    "audience": "https://us-central1-gcp-course-2024.cloudfunctions.net/marker-variation",
                    "service_account_email": "chrisloarryn@gcp-course-2024.iam.gserviceaccount.com"
                  }
                ],
                "uri": "https://us-central1-gcp-course-2024.cloudfunctions.net/marker-variation"
              }
            ],
            "id": "projects/gcp-course-2024/locations/us-central1/jobs/marker-variation",
            "name": "marker-variation",
            "paused": false,
            "project": "gcp-course-2024",
            "pubsub_target": [],
            "region": "us-central1",
            "retry_config": [],
            "schedule": "25 8,13 * * 1-5",
            "state": "ENABLED",
            "time_zone": "America/Santiago",
            "timeouts": null
          },
          "sensitive_attributes": [],
          "private": "eyJlMmJmYjczMC1lY2FhLTExZTYtOGY4OC0zNDM2M2JjN2M0YzAiOnsiY3JlYXRlIjoxMjAwMDAwMDAwMDAwLCJkZWxldGUiOjEyMDAwMDAwMDAwMDAsInVwZGF0ZSI6MTIwMDAwMDAwMDAwMH19"
        }
      ]
    }
  ],
  "check_results": null
}
