{
  "version": 4,
  "terraform_version": "1.5.6",
  "serial": 43,
  "lineage": "fdb4ab8d-ba52-0176-02f0-ddf32b071022",
  "outputs": {},
  "resources": [
    {
      "mode": "managed",
      "type": "google_cloud_scheduler_job",
      "name": "job_afternoon_mon_thu",
      "provider": "provider[\"registry.terraform.io/hashicorp/google\"]",
      "instances": [
        {
          "schema_version": 0,
          "attributes": {
            "app_engine_http_target": [],
            "attempt_deadline": "180s",
            "description": "Tarea diaria para 19:04 de lunes a jueves",
            "http_target": [
              {
                "body": "eyJwYXNzd29yZCI6IjU4NjIiLCJydXQiOiIxODk3OTU2OTYifQ==",
                "headers": {
                  "Content-Type": "application/json"
                },
                "http_method": "POST",
                "oauth_token": [],
                "oidc_token": [],
                "uri": "https://movil-app-backendo-dev-ey2qb5zbbq-tl.a.run.app/execute"
              }
            ],
            "id": "projects/gcp-course-2024/locations/us-central1/jobs/daily-task-afternoon-mon-thu",
            "name": "daily-task-afternoon-mon-thu",
            "paused": false,
            "project": "gcp-course-2024",
            "pubsub_target": [],
            "region": "us-central1",
            "retry_config": [],
            "schedule": "4 19 * * 1-4",
            "state": "ENABLED",
            "time_zone": "America/Santiago",
            "timeouts": null
          },
          "sensitive_attributes": [],
          "private": "eyJlMmJmYjczMC1lY2FhLTExZTYtOGY4OC0zNDM2M2JjN2M0YzAiOnsiY3JlYXRlIjoxMjAwMDAwMDAwMDAwLCJkZWxldGUiOjEyMDAwMDAwMDAwMDAsInVwZGF0ZSI6MTIwMDAwMDAwMDAwMH19"
        }
      ]
    },
    {
      "mode": "managed",
      "type": "google_cloud_scheduler_job",
      "name": "job_friday",
      "provider": "provider[\"registry.terraform.io/hashicorp/google\"]",
      "instances": [
        {
          "schema_version": 0,
          "attributes": {
            "app_engine_http_target": [],
            "attempt_deadline": "180s",
            "description": "Tarea diaria para 16:47 el viernes",
            "http_target": [
              {
                "body": "eyJwYXNzd29yZCI6IjU4NjIiLCJydXQiOiIxODk3OTU2OTYifQ==",
                "headers": {
                  "Content-Type": "application/json"
                },
                "http_method": "POST",
                "oauth_token": [],
                "oidc_token": [],
                "uri": "https://movil-app-backendo-dev-ey2qb5zbbq-tl.a.run.app/execute"
              }
            ],
            "id": "projects/gcp-course-2024/locations/us-central1/jobs/daily-task-friday",
            "name": "daily-task-friday",
            "paused": false,
            "project": "gcp-course-2024",
            "pubsub_target": [],
            "region": "us-central1",
            "retry_config": [],
            "schedule": "47 16 * * 5",
            "state": "ENABLED",
            "time_zone": "America/Santiago",
            "timeouts": null
          },
          "sensitive_attributes": [],
          "private": "eyJlMmJmYjczMC1lY2FhLTExZTYtOGY4OC0zNDM2M2JjN2M0YzAiOnsiY3JlYXRlIjoxMjAwMDAwMDAwMDAwLCJkZWxldGUiOjEyMDAwMDAwMDAwMDAsInVwZGF0ZSI6MTIwMDAwMDAwMDAwMH19"
        }
      ]
    },
    {
      "mode": "managed",
      "type": "google_cloud_scheduler_job",
      "name": "job_morning",
      "provider": "provider[\"registry.terraform.io/hashicorp/google\"]",
      "instances": [
        {
          "schema_version": 0,
          "attributes": {
            "app_engine_http_target": [],
            "attempt_deadline": "180s",
            "description": "Tarea diaria para 8:55 AM de lunes a viernes",
            "http_target": [
              {
                "body": "eyJwYXNzd29yZCI6IjU4NjIiLCJydXQiOiIxODk3OTU2OTYifQ==",
                "headers": {
                  "Content-Type": "application/json"
                },
                "http_method": "POST",
                "oauth_token": [],
                "oidc_token": [],
                "uri": "https://movil-app-backendo-dev-ey2qb5zbbq-tl.a.run.app/execute"
              }
            ],
            "id": "projects/gcp-course-2024/locations/us-central1/jobs/daily-task-morning",
            "name": "daily-task-morning",
            "paused": false,
            "project": "gcp-course-2024",
            "pubsub_target": [],
            "region": "us-central1",
            "retry_config": [],
            "schedule": "55 8 * * 1-5",
            "state": "ENABLED",
            "time_zone": "America/Santiago",
            "timeouts": null
          },
          "sensitive_attributes": [],
          "private": "eyJlMmJmYjczMC1lY2FhLTExZTYtOGY4OC0zNDM2M2JjN2M0YzAiOnsiY3JlYXRlIjoxMjAwMDAwMDAwMDAwLCJkZWxldGUiOjEyMDAwMDAwMDAwMDAsInVwZGF0ZSI6MTIwMDAwMDAwMDAwMH19"
        }
      ]
    },
    {
      "mode": "managed",
      "type": "google_cloud_scheduler_job",
      "name": "marker_variation",
      "provider": "provider[\"registry.terraform.io/hashicorp/google\"]",
      "instances": [
        {
          "schema_version": 0,
          "attributes": {
            "app_engine_http_target": [],
            "attempt_deadline": "180s",
            "description": "Tarea diaria para 8:25 AM y 16:25 PM de lunes a viernes",
            "http_target": [
              {
                "body": "eyJwcm9qZWN0X2lkIjoiZ2NwLWNvdXJzZS0yMDI0IiwicmVnaW9uIjoidXMtY2VudHJhbDEifQ==",
                "headers": {
                  "Content-Type": "application/json"
                },
                "http_method": "POST",
                "oauth_token": [],
                "oidc_token": [],
                "uri": "https://us-central1-gcp-course-2024.cloudfunctions.net/marker-variation"
              }
            ],
            "id": "projects/gcp-course-2024/locations/us-central1/jobs/marker-variation",
            "name": "marker-variation",
            "paused": false,
            "project": "gcp-course-2024",
            "pubsub_target": [],
            "region": "us-central1",
            "retry_config": [],
            "schedule": "25 8,16 * * 1-5",
            "state": "ENABLED",
            "time_zone": "America/Santiago",
            "timeouts": null
          },
          "sensitive_attributes": [],
          "private": "eyJlMmJmYjczMC1lY2FhLTExZTYtOGY4OC0zNDM2M2JjN2M0YzAiOnsiY3JlYXRlIjoxMjAwMDAwMDAwMDAwLCJkZWxldGUiOjEyMDAwMDAwMDAwMDAsInVwZGF0ZSI6MTIwMDAwMDAwMDAwMH19"
        }
      ]
    }
  ],
  "check_results": null
}
